// !$*UTF8*$!
{
	archiveVersion = 1;
	classes = {
	};
	objectVersion = 52;
	objects = {

/* Begin PBXBuildFile section */
		C24AC43326A0749C009DF01A /* Localizations.strings in Resources */ = {isa = PBXBuildFile; fileRef = C24AC43226A0749C009DF01A /* Localizations.strings */; };
		C266FAB626D7FC7B00DC990F /* Localizable.strings in Resources */ = {isa = PBXBuildFile; fileRef = C266FAB526D7FC7B00DC990F /* Localizable.strings */; };
		C266FAB826D80EB000DC990F /* AmortizationModel.swift in Sources */ = {isa = PBXBuildFile; fileRef = C266FAB726D80EB000DC990F /* AmortizationModel.swift */; };
		C2C9182026B54F4300A16B41 /* Launch Screen.storyboard in Resources */ = {isa = PBXBuildFile; fileRef = C2C9181F26B54F4300A16B41 /* Launch Screen.storyboard */; };
		C2E0275A269436D300743228 /* HTKLoanCaculatorApp.swift in Sources */ = {isa = PBXBuildFile; fileRef = C2E02759269436D300743228 /* HTKLoanCaculatorApp.swift */; };
		C2E0275C269436D300743228 /* ContentView.swift in Sources */ = {isa = PBXBuildFile; fileRef = C2E0275B269436D300743228 /* ContentView.swift */; };
		C2E0275E269436D600743228 /* Assets.xcassets in Resources */ = {isa = PBXBuildFile; fileRef = C2E0275D269436D600743228 /* Assets.xcassets */; };
		C2E02761269436D600743228 /* Preview Assets.xcassets in Resources */ = {isa = PBXBuildFile; fileRef = C2E02760269436D600743228 /* Preview Assets.xcassets */; };
		C2E0276926944A3500743228 /* README.md in Resources */ = {isa = PBXBuildFile; fileRef = C2E0276826944A3500743228 /* README.md */; };
		C2E0276D2694604200743228 /* InterestInfoView.swift in Sources */ = {isa = PBXBuildFile; fileRef = C2E0276C2694604200743228 /* InterestInfoView.swift */; };
		C2E0276F2694640300743228 /* DetailView.swift in Sources */ = {isa = PBXBuildFile; fileRef = C2E0276E2694640300743228 /* DetailView.swift */; };
		C2E027712694643E00743228 /* SumaryVisualView.swift in Sources */ = {isa = PBXBuildFile; fileRef = C2E027702694643E00743228 /* SumaryVisualView.swift */; };
		C2E027732695AB7000743228 /* Extension.swift in Sources */ = {isa = PBXBuildFile; fileRef = C2E027722695AB7000743228 /* Extension.swift */; };
		C2E027752696CD1100743228 /* AmortizationTableView.swift in Sources */ = {isa = PBXBuildFile; fileRef = C2E027742696CD1000743228 /* AmortizationTableView.swift */; };
		C2E027772696D41100743228 /* CustomCircle.swift in Sources */ = {isa = PBXBuildFile; fileRef = C2E027762696D41100743228 /* CustomCircle.swift */; };
		C2E0277A2696D8FF00743228 /* IQKeyboardManagerSwift in Frameworks */ = {isa = PBXBuildFile; productRef = C2E027792696D8FF00743228 /* IQKeyboardManagerSwift */; };
		C2E0277C269B341300743228 /* HTKLoanCalulatorViewModel.swift in Sources */ = {isa = PBXBuildFile; fileRef = C2E0277B269B341300743228 /* HTKLoanCalulatorViewModel.swift */; };
/* End PBXBuildFile section */

/* Begin PBXFileReference section */
		C24AC43226A0749C009DF01A /* Localizations.strings */ = {isa = PBXFileReference; lastKnownFileType = text.plist.strings; path = Localizations.strings; sourceTree = "<group>"; };
		C266FAB526D7FC7B00DC990F /* Localizable.strings */ = {isa = PBXFileReference; lastKnownFileType = text.plist.strings; path = Localizable.strings; sourceTree = "<group>"; };
		C266FAB726D80EB000DC990F /* AmortizationModel.swift */ = {isa = PBXFileReference; lastKnownFileType = sourcecode.swift; path = AmortizationModel.swift; sourceTree = "<group>"; };
		C2C9181F26B54F4300A16B41 /* Launch Screen.storyboard */ = {isa = PBXFileReference; lastKnownFileType = file.storyboard; path = "Launch Screen.storyboard"; sourceTree = "<group>"; };
		C2E02756269436D300743228 /* HTKLoanCaculator.app */ = {isa = PBXFileReference; explicitFileType = wrapper.application; includeInIndex = 0; path = HTKLoanCaculator.app; sourceTree = BUILT_PRODUCTS_DIR; };
		C2E02759269436D300743228 /* HTKLoanCaculatorApp.swift */ = {isa = PBXFileReference; lastKnownFileType = sourcecode.swift; path = HTKLoanCaculatorApp.swift; sourceTree = "<group>"; };
		C2E0275B269436D300743228 /* ContentView.swift */ = {isa = PBXFileReference; lastKnownFileType = sourcecode.swift; path = ContentView.swift; sourceTree = "<group>"; };
		C2E0275D269436D600743228 /* Assets.xcassets */ = {isa = PBXFileReference; lastKnownFileType = folder.assetcatalog; path = Assets.xcassets; sourceTree = "<group>"; };
		C2E02760269436D600743228 /* Preview Assets.xcassets */ = {isa = PBXFileReference; lastKnownFileType = folder.assetcatalog; path = "Preview Assets.xcassets"; sourceTree = "<group>"; };
		C2E02762269436D600743228 /* Info.plist */ = {isa = PBXFileReference; lastKnownFileType = text.plist.xml; path = Info.plist; sourceTree = "<group>"; };
		C2E0276826944A3500743228 /* README.md */ = {isa = PBXFileReference; lastKnownFileType = net.daringfireball.markdown; path = README.md; sourceTree = "<group>"; };
		C2E0276C2694604200743228 /* InterestInfoView.swift */ = {isa = PBXFileReference; lastKnownFileType = sourcecode.swift; path = InterestInfoView.swift; sourceTree = "<group>"; };
		C2E0276E2694640300743228 /* DetailView.swift */ = {isa = PBXFileReference; lastKnownFileType = sourcecode.swift; path = DetailView.swift; sourceTree = "<group>"; };
		C2E027702694643E00743228 /* SumaryVisualView.swift */ = {isa = PBXFileReference; lastKnownFileType = sourcecode.swift; path = SumaryVisualView.swift; sourceTree = "<group>"; };
		C2E027722695AB7000743228 /* Extension.swift */ = {isa = PBXFileReference; lastKnownFileType = sourcecode.swift; path = Extension.swift; sourceTree = "<group>"; };
		C2E027742696CD1000743228 /* AmortizationTableView.swift */ = {isa = PBXFileReference; lastKnownFileType = sourcecode.swift; path = AmortizationTableView.swift; sourceTree = "<group>"; };
		C2E027762696D41100743228 /* CustomCircle.swift */ = {isa = PBXFileReference; lastKnownFileType = sourcecode.swift; path = CustomCircle.swift; sourceTree = "<group>"; };
		C2E0277B269B341300743228 /* HTKLoanCalulatorViewModel.swift */ = {isa = PBXFileReference; lastKnownFileType = sourcecode.swift; path = HTKLoanCalulatorViewModel.swift; sourceTree = "<group>"; };
/* End PBXFileReference section */

/* Begin PBXFrameworksBuildPhase section */
		C2E02753269436D300743228 /* Frameworks */ = {
			isa = PBXFrameworksBuildPhase;
			buildActionMask = 2147483647;
			files = (
				C2E0277A2696D8FF00743228 /* IQKeyboardManagerSwift in Frameworks */,
			);
			runOnlyForDeploymentPostprocessing = 0;
		};
/* End PBXFrameworksBuildPhase section */

/* Begin PBXGroup section */
		C266FAB426D7FC4F00DC990F /* Resource */ = {
			isa = PBXGroup;
			children = (
				C266FAB526D7FC7B00DC990F /* Localizable.strings */,
			);
			path = Resource;
			sourceTree = "<group>";
		};
		C2C9181E26B54CB000A16B41 /* Extension */ = {
			isa = PBXGroup;
			children = (
				C2E027722695AB7000743228 /* Extension.swift */,
			);
			path = Extension;
			sourceTree = "<group>";
		};
		C2C9182126B69C7200A16B41 /* Model */ = {
			isa = PBXGroup;
			children = (
				C266FAB726D80EB000DC990F /* AmortizationModel.swift */,
			);
			path = Model;
			sourceTree = "<group>";
		};
		C2E0274D269436D200743228 = {
			isa = PBXGroup;
			children = (
				C2E0276826944A3500743228 /* README.md */,
				C2E02758269436D300743228 /* HTKLoanCaculator */,
				C2E02757269436D300743228 /* Products */,
			);
			sourceTree = "<group>";
		};
		C2E02757269436D300743228 /* Products */ = {
			isa = PBXGroup;
			children = (
				C2E02756269436D300743228 /* HTKLoanCaculator.app */,
			);
			name = Products;
			sourceTree = "<group>";
		};
		C2E02758269436D300743228 /* HTKLoanCaculator */ = {
			isa = PBXGroup;
			children = (
				C266FAB426D7FC4F00DC990F /* Resource */,
				C2C9182126B69C7200A16B41 /* Model */,
				C2C9181E26B54CB000A16B41 /* Extension */,
				C2E0276A26945E5500743228 /* View */,
				C2E0276B26945E6E00743228 /* ViewModel */,
				C2E02759269436D300743228 /* HTKLoanCaculatorApp.swift */,
				C2E0275D269436D600743228 /* Assets.xcassets */,
				C2E02762269436D600743228 /* Info.plist */,
				C2E0275F269436D600743228 /* Preview Content */,
				C24AC43226A0749C009DF01A /* Localizations.strings */,
				C2C9181F26B54F4300A16B41 /* Launch Screen.storyboard */,
			);
			path = HTKLoanCaculator;
			sourceTree = "<group>";
		};
		C2E0275F269436D600743228 /* Preview Content */ = {
			isa = PBXGroup;
			children = (
				C2E02760269436D600743228 /* Preview Assets.xcassets */,
			);
			path = "Preview Content";
			sourceTree = "<group>";
		};
		C2E0276A26945E5500743228 /* View */ = {
			isa = PBXGroup;
			children = (
				C2E0275B269436D300743228 /* ContentView.swift */,
				C2E0276C2694604200743228 /* InterestInfoView.swift */,
				C2E027702694643E00743228 /* SumaryVisualView.swift */,
				C2E027762696D41100743228 /* CustomCircle.swift */,
				C2E0276E2694640300743228 /* DetailView.swift */,
				C2E027742696CD1000743228 /* AmortizationTableView.swift */,
			);
			path = View;
			sourceTree = "<group>";
		};
		C2E0276B26945E6E00743228 /* ViewModel */ = {
			isa = PBXGroup;
			children = (
				C2E0277B269B341300743228 /* HTKLoanCalulatorViewModel.swift */,
			);
			path = ViewModel;
			sourceTree = "<group>";
		};
/* End PBXGroup section */

/* Begin PBXNativeTarget section */
		C2E02755269436D300743228 /* HTKLoanCaculator */ = {
			isa = PBXNativeTarget;
			buildConfigurationList = C2E02765269436D600743228 /* Build configuration list for PBXNativeTarget "HTKLoanCaculator" */;
			buildPhases = (
				C2E02752269436D300743228 /* Sources */,
				C2E02753269436D300743228 /* Frameworks */,
				C2E02754269436D300743228 /* Resources */,
			);
			buildRules = (
			);
			dependencies = (
			);
			name = HTKLoanCaculator;
			packageProductDependencies = (
				C2E027792696D8FF00743228 /* IQKeyboardManagerSwift */,
			);
			productName = HTKLoanCaculator;
			productReference = C2E02756269436D300743228 /* HTKLoanCaculator.app */;
			productType = "com.apple.product-type.application";
		};
/* End PBXNativeTarget section */

/* Begin PBXProject section */
		C2E0274E269436D200743228 /* Project object */ = {
			isa = PBXProject;
			attributes = {
				LastSwiftUpdateCheck = 1250;
				LastUpgradeCheck = 1250;
				TargetAttributes = {
					C2E02755269436D300743228 = {
						CreatedOnToolsVersion = 12.5.1;
					};
				};
			};
			buildConfigurationList = C2E02751269436D200743228 /* Build configuration list for PBXProject "HTKLoanCaculator" */;
			compatibilityVersion = "Xcode 9.3";
			developmentRegion = en;
			hasScannedForEncodings = 0;
			knownRegions = (
				en,
				vi,
				ro,
				Base,
			);
			mainGroup = C2E0274D269436D200743228;
			packageReferences = (
				C2E027782696D8FF00743228 /* XCRemoteSwiftPackageReference "IQKeyboardManager" */,
			);
			productRefGroup = C2E02757269436D300743228 /* Products */;
			projectDirPath = "";
			projectRoot = "";
			targets = (
				C2E02755269436D300743228 /* HTKLoanCaculator */,
			);
		};
/* End PBXProject section */

/* Begin PBXResourcesBuildPhase section */
		C2E02754269436D300743228 /* Resources */ = {
			isa = PBXResourcesBuildPhase;
			buildActionMask = 2147483647;
			files = (
				C2E0276926944A3500743228 /* README.md in Resources */,
				C2E02761269436D600743228 /* Preview Assets.xcassets in Resources */,
				C2E0275E269436D600743228 /* Assets.xcassets in Resources */,
				C2C9182026B54F4300A16B41 /* Launch Screen.storyboard in Resources */,
				C24AC43326A0749C009DF01A /* Localizations.strings in Resources */,
				C266FAB626D7FC7B00DC990F /* Localizable.strings in Resources */,
			);
			runOnlyForDeploymentPostprocessing = 0;
		};
/* End PBXResourcesBuildPhase section */

/* Begin PBXSourcesBuildPhase section */
		C2E02752269436D300743228 /* Sources */ = {
			isa = PBXSourcesBuildPhase;
			buildActionMask = 2147483647;
			files = (
				C266FAB826D80EB000DC990F /* AmortizationModel.swift in Sources */,
				C2E0276D2694604200743228 /* InterestInfoView.swift in Sources */,
				C2E027712694643E00743228 /* SumaryVisualView.swift in Sources */,
				C2E027772696D41100743228 /* CustomCircle.swift in Sources */,
				C2E0277C269B341300743228 /* HTKLoanCalulatorViewModel.swift in Sources */,
				C2E027752696CD1100743228 /* AmortizationTableView.swift in Sources */,
				C2E0276F2694640300743228 /* DetailView.swift in Sources */,
				C2E027732695AB7000743228 /* Extension.swift in Sources */,
				C2E0275C269436D300743228 /* ContentView.swift in Sources */,
				C2E0275A269436D300743228 /* HTKLoanCaculatorApp.swift in Sources */,
			);
			runOnlyForDeploymentPostprocessing = 0;
		};
/* End PBXSourcesBuildPhase section */

/* Begin XCBuildConfiguration section */
		C2E02763269436D600743228 /* Debug */ = {
			isa = XCBuildConfiguration;
			buildSettings = {
				ALWAYS_SEARCH_USER_PATHS = NO;
				CLANG_ANALYZER_NONNULL = YES;
				CLANG_ANALYZER_NUMBER_OBJECT_CONVERSION = YES_AGGRESSIVE;
				CLANG_CXX_LANGUAGE_STANDARD = "gnu++14";
				CLANG_CXX_LIBRARY = "libc++";
				CLANG_ENABLE_MODULES = YES;
				CLANG_ENABLE_OBJC_ARC = YES;
				CLANG_ENABLE_OBJC_WEAK = YES;
				CLANG_WARN_BLOCK_CAPTURE_AUTORELEASING = YES;
				CLANG_WARN_BOOL_CONVERSION = YES;
				CLANG_WARN_COMMA = YES;
				CLANG_WARN_CONSTANT_CONVERSION = YES;
				CLANG_WARN_DEPRECATED_OBJC_IMPLEMENTATIONS = YES;
				CLANG_WARN_DIRECT_OBJC_ISA_USAGE = YES_ERROR;
				CLANG_WARN_DOCUMENTATION_COMMENTS = YES;
				CLANG_WARN_EMPTY_BODY = YES;
				CLANG_WARN_ENUM_CONVERSION = YES;
				CLANG_WARN_INFINITE_RECURSION = YES;
				CLANG_WARN_INT_CONVERSION = YES;
				CLANG_WARN_NON_LITERAL_NULL_CONVERSION = YES;
				CLANG_WARN_OBJC_IMPLICIT_RETAIN_SELF = YES;
				CLANG_WARN_OBJC_LITERAL_CONVERSION = YES;
				CLANG_WARN_OBJC_ROOT_CLASS = YES_ERROR;
				CLANG_WARN_QUOTED_INCLUDE_IN_FRAMEWORK_HEADER = YES;
				CLANG_WARN_RANGE_LOOP_ANALYSIS = YES;
				CLANG_WARN_STRICT_PROTOTYPES = YES;
				CLANG_WARN_SUSPICIOUS_MOVE = YES;
				CLANG_WARN_UNGUARDED_AVAILABILITY = YES_AGGRESSIVE;
				CLANG_WARN_UNREACHABLE_CODE = YES;
				CLANG_WARN__DUPLICATE_METHOD_MATCH = YES;
				COPY_PHASE_STRIP = NO;
				DEBUG_INFORMATION_FORMAT = dwarf;
				ENABLE_STRICT_OBJC_MSGSEND = YES;
				ENABLE_TESTABILITY = YES;
				GCC_C_LANGUAGE_STANDARD = gnu11;
				GCC_DYNAMIC_NO_PIC = NO;
				GCC_NO_COMMON_BLOCKS = YES;
				GCC_OPTIMIZATION_LEVEL = 0;
				GCC_PREPROCESSOR_DEFINITIONS = (
					"DEBUG=1",
					"$(inherited)",
				);
				GCC_WARN_64_TO_32_BIT_CONVERSION = YES;
				GCC_WARN_ABOUT_RETURN_TYPE = YES_ERROR;
				GCC_WARN_UNDECLARED_SELECTOR = YES;
				GCC_WARN_UNINITIALIZED_AUTOS = YES_AGGRESSIVE;
				GCC_WARN_UNUSED_FUNCTION = YES;
				GCC_WARN_UNUSED_VARIABLE = YES;
				IPHONEOS_DEPLOYMENT_TARGET = 14.5;
				MTL_ENABLE_DEBUG_INFO = INCLUDE_SOURCE;
				MTL_FAST_MATH = YES;
				ONLY_ACTIVE_ARCH = YES;
				SDKROOT = iphoneos;
				SWIFT_ACTIVE_COMPILATION_CONDITIONS = DEBUG;
				SWIFT_OPTIMIZATION_LEVEL = "-Onone";
			};
			name = Debug;
		};
		C2E02764269436D600743228 /* Release */ = {
			isa = XCBuildConfiguration;
			buildSettings = {
				ALWAYS_SEARCH_USER_PATHS = NO;
				CLANG_ANALYZER_NONNULL = YES;
				CLANG_ANALYZER_NUMBER_OBJECT_CONVERSION = YES_AGGRESSIVE;
				CLANG_CXX_LANGUAGE_STANDARD = "gnu++14";
				CLANG_CXX_LIBRARY = "libc++";
				CLANG_ENABLE_MODULES = YES;
				CLANG_ENABLE_OBJC_ARC = YES;
				CLANG_ENABLE_OBJC_WEAK = YES;
				CLANG_WARN_BLOCK_CAPTURE_AUTORELEASING = YES;
				CLANG_WARN_BOOL_CONVERSION = YES;
				CLANG_WARN_COMMA = YES;
				CLANG_WARN_CONSTANT_CONVERSION = YES;
				CLANG_WARN_DEPRECATED_OBJC_IMPLEMENTATIONS = YES;
				CLANG_WARN_DIRECT_OBJC_ISA_USAGE = YES_ERROR;
				CLANG_WARN_DOCUMENTATION_COMMENTS = YES;
				CLANG_WARN_EMPTY_BODY = YES;
				CLANG_WARN_ENUM_CONVERSION = YES;
				CLANG_WARN_INFINITE_RECURSION = YES;
				CLANG_WARN_INT_CONVERSION = YES;
				CLANG_WARN_NON_LITERAL_NULL_CONVERSION = YES;
				CLANG_WARN_OBJC_IMPLICIT_RETAIN_SELF = YES;
				CLANG_WARN_OBJC_LITERAL_CONVERSION = YES;
				CLANG_WARN_OBJC_ROOT_CLASS = YES_ERROR;
				CLANG_WARN_QUOTED_INCLUDE_IN_FRAMEWORK_HEADER = YES;
				CLANG_WARN_RANGE_LOOP_ANALYSIS = YES;
				CLANG_WARN_STRICT_PROTOTYPES = YES;
				CLANG_WARN_SUSPICIOUS_MOVE = YES;
				CLANG_WARN_UNGUARDED_AVAILABILITY = YES_AGGRESSIVE;
				CLANG_WARN_UNREACHABLE_CODE = YES;
				CLANG_WARN__DUPLICATE_METHOD_MATCH = YES;
				COPY_PHASE_STRIP = NO;
				DEBUG_INFORMATION_FORMAT = "dwarf-with-dsym";
				ENABLE_NS_ASSERTIONS = NO;
				ENABLE_STRICT_OBJC_MSGSEND = YES;
				GCC_C_LANGUAGE_STANDARD = gnu11;
				GCC_NO_COMMON_BLOCKS = YES;
				GCC_WARN_64_TO_32_BIT_CONVERSION = YES;
				GCC_WARN_ABOUT_RETURN_TYPE = YES_ERROR;
				GCC_WARN_UNDECLARED_SELECTOR = YES;
				GCC_WARN_UNINITIALIZED_AUTOS = YES_AGGRESSIVE;
				GCC_WARN_UNUSED_FUNCTION = YES;
				GCC_WARN_UNUSED_VARIABLE = YES;
				IPHONEOS_DEPLOYMENT_TARGET = 14.5;
				MTL_ENABLE_DEBUG_INFO = NO;
				MTL_FAST_MATH = YES;
				SDKROOT = iphoneos;
				SWIFT_COMPILATION_MODE = wholemodule;
				SWIFT_OPTIMIZATION_LEVEL = "-O";
				VALIDATE_PRODUCT = YES;
			};
			name = Release;
		};
		C2E02766269436D600743228 /* Debug */ = {
			isa = XCBuildConfiguration;
			buildSettings = {
				ASSETCATALOG_COMPILER_APPICON_NAME = AppIcon;
				ASSETCATALOG_COMPILER_GLOBAL_ACCENT_COLOR_NAME = AccentColor;
				CODE_SIGN_STYLE = Automatic;
				DEVELOPMENT_ASSET_PATHS = "\"HTKLoanCaculator/Preview Content\"";
				DEVELOPMENT_TEAM = ULAYXARLG5;
				ENABLE_PREVIEWS = YES;
				INFOPLIST_FILE = HTKLoanCaculator/Info.plist;
				IPHONEOS_DEPLOYMENT_TARGET = 14.0;
				LD_RUNPATH_SEARCH_PATHS = (
					"$(inherited)",
					"@executable_path/Frameworks",
				);
				PRODUCT_BUNDLE_IDENTIFIER = com.htk2021.ios.HTKLoanCaculator;
				PRODUCT_NAME = "$(TARGET_NAME)";
				SWIFT_VERSION = 5.0;
				TARGETED_DEVICE_FAMILY = "1,2";
			};
			name = Debug;
		};
		C2E02767269436D600743228 /* Release */ = {
			isa = XCBuildConfiguration;
			buildSettings = {
				ASSETCATALOG_COMPILER_APPICON_NAME = AppIcon;
				ASSETCATALOG_COMPILER_GLOBAL_ACCENT_COLOR_NAME = AccentColor;
				CODE_SIGN_STYLE = Automatic;
				DEVELOPMENT_ASSET_PATHS = "\"HTKLoanCaculator/Preview Content\"";
				DEVELOPMENT_TEAM = ULAYXARLG5;
				ENABLE_PREVIEWS = YES;
				INFOPLIST_FILE = HTKLoanCaculator/Info.plist;
				IPHONEOS_DEPLOYMENT_TARGET = 14.0;
				LD_RUNPATH_SEARCH_PATHS = (
					"$(inherited)",
					"@executable_path/Frameworks",
				);
				PRODUCT_BUNDLE_IDENTIFIER = com.htk2021.ios.HTKLoanCaculator;
				PRODUCT_NAME = "$(TARGET_NAME)";
				SWIFT_VERSION = 5.0;
				TARGETED_DEVICE_FAMILY = "1,2";
			};
			name = Release;
		};
/* End XCBuildConfiguration section */

/* Begin XCConfigurationList section */
		C2E02751269436D200743228 /* Build configuration list for PBXProject "HTKLoanCaculator" */ = {
			isa = XCConfigurationList;
			buildConfigurations = (
				C2E02763269436D600743228 /* Debug */,
				C2E02764269436D600743228 /* Release */,
			);
			defaultConfigurationIsVisible = 0;
			defaultConfigurationName = Release;
		};
		C2E02765269436D600743228 /* Build configuration list for PBXNativeTarget "HTKLoanCaculator" */ = {
			isa = XCConfigurationList;
			buildConfigurations = (
				C2E02766269436D600743228 /* Debug */,
				C2E02767269436D600743228 /* Release */,
			);
			defaultConfigurationIsVisible = 0;
			defaultConfigurationName = Release;
		};
/* End XCConfigurationList section */

/* Begin XCRemoteSwiftPackageReference section */
		C2E027782696D8FF00743228 /* XCRemoteSwiftPackageReference "IQKeyboardManager" */ = {
			isa = XCRemoteSwiftPackageReference;
			repositoryURL = "https://github.com/hackiftekhar/IQKeyboardManager";
			requirement = {
				kind = upToNextMajorVersion;
				minimumVersion = 6.5.6;
			};
		};
/* End XCRemoteSwiftPackageReference section */

/* Begin XCSwiftPackageProductDependency section */
		C2E027792696D8FF00743228 /* IQKeyboardManagerSwift */ = {
			isa = XCSwiftPackageProductDependency;
			package = C2E027782696D8FF00743228 /* XCRemoteSwiftPackageReference "IQKeyboardManager" */;
			productName = IQKeyboardManagerSwift;
		};
/* End XCSwiftPackageProductDependency section */
	};
	rootObject = C2E0274E269436D200743228 /* Project object */;
}
